
Microsoft Visual Studio Solution File, Format Version 12.00
# Visual Studio Version 17
VisualStudioVersion = 17.12.35527.113 d17.12
MinimumVisualStudioVersion = 10.0.40219.1
Project("{FAE04EC0-301F-11D3-BF4B-00C04F79EFBC}") = "Grafika Komputerowa Projekt", "Grafika Komputerowa Projekt\Grafika Komputerowa Projekt.csproj", "{B41DF3A2-F764-40A9-965C-0302EBF01114}"
EndProject
Global
	GlobalSection(SolutionConfigurationPlatforms) = preSolution
		Debug|Any CPU = Debug|Any CPU
		Release|Any CPU = Release|Any CPU
	EndGlobalSection
	GlobalSection(ProjectConfigurationPlatforms) = postSolution
		{B41DF3A2-F764-40A9-965C-0302EBF01114}.Debug|Any CPU.ActiveCfg = Debug|Any CPU
		{B41DF3A2-F764-40A9-965C-0302EBF01114}.Debug|Any CPU.Build.0 = Debug|Any CPU
		{B41DF3A2-F764-40A9-965C-0302EBF01114}.Release|Any CPU.ActiveCfg = Release|Any CPU
		{B41DF3A2-F764-40A9-965C-0302EBF01114}.Release|Any CPU.Build.0 = Release|Any CPU
	EndGlobalSection
	GlobalSection(SolutionProperties) = preSolution
		HideSolutionNode = FALSE
	EndGlobalSection
EndGlobal
